Microsoft Visual Studio Solution File, Format Version 11.00
# Visual Studio 2008

Project("{408DC47F-981D-3EC1-E498-AD8E4B3B9E53}") = "4v1 Boss", "Assembly-CSharp-vs.csproj", "{B62BE273-6693-EA3C-FB98-30BD0D4D5A8C}"
EndProject
Global
	GlobalSection(SolutionConfigurationPlatforms) = preSolution
		Debug|Any CPU = Debug|Any CPU
		Release|Any CPU = Release|Any CPU
	EndGlobalSection
	GlobalSection(ProjectConfigurationPlatforms) = postSolution
		{B62BE273-6693-EA3C-FB98-30BD0D4D5A8C}.Debug|Any CPU.ActiveCfg = Debug|Any CPU
		{B62BE273-6693-EA3C-FB98-30BD0D4D5A8C}.Debug|Any CPU.Build.0 = Debug|Any CPU
		{B62BE273-6693-EA3C-FB98-30BD0D4D5A8C}.Release|Any CPU.ActiveCfg = Release|Any CPU
		{B62BE273-6693-EA3C-FB98-30BD0D4D5A8C}.Release|Any CPU.Build.0 = Release|Any CPU
	EndGlobalSection
	GlobalSection(SolutionProperties) = preSolution
		HideSolutionNode = FALSE
	EndGlobalSection
																														GlobalSection(MonoDevelopProperties) = preSolution
		StartupItem = Assembly-CSharp.csproj
		Policies = $0
		$0.TextStylePolicy = $1
		$1.inheritsSet = null
		$1.scope = text/x-csharp
		$0.CSharpFormattingPolicy = $2
		$2.inheritsSet = Mono
		$2.inheritsScope = text/x-csharp
		$2.scope = text/x-csharp
		$0.TextStylePolicy = $3
		$3.FileWidth = 120
		$3.TabWidth = 4
		$3.EolMarker = Unix
		$3.inheritsSet = Mono
		$3.inheritsScope = text/plain
		$3.scope = text/plain
	EndGlobalSection

EndGlobal
